
Microsoft Visual Studio Solution File, Format Version 12.00
# Visual Studio Version 17
VisualStudioVersion = 17.10.35027.167
MinimumVisualStudioVersion = 10.0.40219.1
Project("{9A19103F-16F7-4668-BE54-9A1E7A4F7556}") = "Main", "CSharpAsciiDonut\Main.csproj", "{CDF90850-3B0B-4740-B0E7-6AD343991239}"
EndProject
Global
	GlobalSection(SolutionConfigurationPlatforms) = preSolution
		Debug|Any CPU = Debug|Any CPU
		Release|Any CPU = Release|Any CPU
	EndGlobalSection
	GlobalSection(ProjectConfigurationPlatforms) = postSolution
		{CDF90850-3B0B-4740-B0E7-6AD343991239}.Debug|Any CPU.ActiveCfg = Debug|Any CPU
		{CDF90850-3B0B-4740-B0E7-6AD343991239}.Debug|Any CPU.Build.0 = Debug|Any CPU
		{CDF90850-3B0B-4740-B0E7-6AD343991239}.Release|Any CPU.ActiveCfg = Release|Any CPU
		{CDF90850-3B0B-4740-B0E7-6AD343991239}.Release|Any CPU.Build.0 = Release|Any CPU
	EndGlobalSection
	GlobalSection(SolutionProperties) = preSolution
		HideSolutionNode = FALSE
	EndGlobalSection
	GlobalSection(ExtensibilityGlobals) = postSolution
		SolutionGuid = {4DFBFBF3-B028-4EA3-B364-EE545FA1151E}
	EndGlobalSection
EndGlobal
